
Microsoft Visual Studio Solution File, Format Version 12.00
# Visual Studio Version 17
VisualStudioVersion = 17.7.34024.191
MinimumVisualStudioVersion = 10.0.40219.1
Project("{9A19103F-16F7-4668-BE54-9A1E7A4F7556}") = "BookStore", "BookStore\BookStore.csproj", "{B91F34CC-2CE3-4535-97D3-C05DDF320B77}"
EndProject
Project("{FAE04EC0-301F-11D3-BF4B-00C04F79EFBC}") = "BookStore.DataAccess", "BookStore.DataAccess\BookStore.DataAccess.csproj", "{9409D30C-7695-49A4-9327-FDA9788EF952}"
EndProject
Project("{FAE04EC0-301F-11D3-BF4B-00C04F79EFBC}") = "BookStore.Models", "BookStore.Models\BookStore.Models.csproj", "{77FCDEEE-E266-4389-B2D9-3ECD470410CE}"
EndProject
Project("{FAE04EC0-301F-11D3-BF4B-00C04F79EFBC}") = "BookStore.Utility", "BookStore.Utility\BookStore.Utility.csproj", "{5370092A-8FF0-4EA5-AA64-38C557ADBF49}"
EndProject
Global
	GlobalSection(SolutionConfigurationPlatforms) = preSolution
		Debug|Any CPU = Debug|Any CPU
		Release|Any CPU = Release|Any CPU
	EndGlobalSection
	GlobalSection(ProjectConfigurationPlatforms) = postSolution
		{B91F34CC-2CE3-4535-97D3-C05DDF320B77}.Debug|Any CPU.ActiveCfg = Debug|Any CPU
		{B91F34CC-2CE3-4535-97D3-C05DDF320B77}.Debug|Any CPU.Build.0 = Debug|Any CPU
		{B91F34CC-2CE3-4535-97D3-C05DDF320B77}.Release|Any CPU.ActiveCfg = Release|Any CPU
		{B91F34CC-2CE3-4535-97D3-C05DDF320B77}.Release|Any CPU.Build.0 = Release|Any CPU
		{9409D30C-7695-49A4-9327-FDA9788EF952}.Debug|Any CPU.ActiveCfg = Debug|Any CPU
		{9409D30C-7695-49A4-9327-FDA9788EF952}.Debug|Any CPU.Build.0 = Debug|Any CPU
		{9409D30C-7695-49A4-9327-FDA9788EF952}.Release|Any CPU.ActiveCfg = Release|Any CPU
		{9409D30C-7695-49A4-9327-FDA9788EF952}.Release|Any CPU.Build.0 = Release|Any CPU
		{77FCDEEE-E266-4389-B2D9-3ECD470410CE}.Debug|Any CPU.ActiveCfg = Debug|Any CPU
		{77FCDEEE-E266-4389-B2D9-3ECD470410CE}.Debug|Any CPU.Build.0 = Debug|Any CPU
		{77FCDEEE-E266-4389-B2D9-3ECD470410CE}.Release|Any CPU.ActiveCfg = Release|Any CPU
		{77FCDEEE-E266-4389-B2D9-3ECD470410CE}.Release|Any CPU.Build.0 = Release|Any CPU
		{5370092A-8FF0-4EA5-AA64-38C557ADBF49}.Debug|Any CPU.ActiveCfg = Debug|Any CPU
		{5370092A-8FF0-4EA5-AA64-38C557ADBF49}.Debug|Any CPU.Build.0 = Debug|Any CPU
		{5370092A-8FF0-4EA5-AA64-38C557ADBF49}.Release|Any CPU.ActiveCfg = Release|Any CPU
		{5370092A-8FF0-4EA5-AA64-38C557ADBF49}.Release|Any CPU.Build.0 = Release|Any CPU
	EndGlobalSection
	GlobalSection(SolutionProperties) = preSolution
		HideSolutionNode = FALSE
	EndGlobalSection
	GlobalSection(ExtensibilityGlobals) = postSolution
		SolutionGuid = {C7B4FC7C-D437-4BED-8920-A6DF5AE7BD5D}
	EndGlobalSection
EndGlobal
